
Microsoft Visual Studio Solution File, Format Version 12.00
# Visual Studio Version 17
VisualStudioVersion = 17.0.32014.148
MinimumVisualStudioVersion = 10.0.40219.1
Project("{8BC9CEB8-8B4A-11D0-8D11-00A0C91BC942}") = "HomeWork220114", "HomeWork220114\HomeWork220114.vcxproj", "{67F1F513-F4DD-448B-B8B3-CFE041BADAA6}"
EndProject
Project("{8BC9CEB8-8B4A-11D0-8D11-00A0C91BC942}") = "HomeWork220114 Toupper", "HomeWork220114 Toupper\HomeWork220114 Toupper.vcxproj", "{D4A03A00-5A37-432A-8D66-838F82BF6F79}"
EndProject
Project("{8BC9CEB8-8B4A-11D0-8D11-00A0C91BC942}") = "HomeWork220114 CharChange", "HomeWork220114 CharChange\HomeWork220114 CharChange.vcxproj", "{52FB9F0C-712E-45FE-B992-15AB93F8073B}"
EndProject
Global
	GlobalSection(SolutionConfigurationPlatforms) = preSolution
		Debug|x64 = Debug|x64
		Debug|x86 = Debug|x86
		Release|x64 = Release|x64
		Release|x86 = Release|x86
	EndGlobalSection
	GlobalSection(ProjectConfigurationPlatforms) = postSolution
		{67F1F513-F4DD-448B-B8B3-CFE041BADAA6}.Debug|x64.ActiveCfg = Debug|x64
		{67F1F513-F4DD-448B-B8B3-CFE041BADAA6}.Debug|x64.Build.0 = Debug|x64
		{67F1F513-F4DD-448B-B8B3-CFE041BADAA6}.Debug|x86.ActiveCfg = Debug|Win32
		{67F1F513-F4DD-448B-B8B3-CFE041BADAA6}.Debug|x86.Build.0 = Debug|Win32
		{67F1F513-F4DD-448B-B8B3-CFE041BADAA6}.Release|x64.ActiveCfg = Release|x64
		{67F1F513-F4DD-448B-B8B3-CFE041BADAA6}.Release|x64.Build.0 = Release|x64
		{67F1F513-F4DD-448B-B8B3-CFE041BADAA6}.Release|x86.ActiveCfg = Release|Win32
		{67F1F513-F4DD-448B-B8B3-CFE041BADAA6}.Release|x86.Build.0 = Release|Win32
		{D4A03A00-5A37-432A-8D66-838F82BF6F79}.Debug|x64.ActiveCfg = Debug|x64
		{D4A03A00-5A37-432A-8D66-838F82BF6F79}.Debug|x64.Build.0 = Debug|x64
		{D4A03A00-5A37-432A-8D66-838F82BF6F79}.Debug|x86.ActiveCfg = Debug|Win32
		{D4A03A00-5A37-432A-8D66-838F82BF6F79}.Debug|x86.Build.0 = Debug|Win32
		{D4A03A00-5A37-432A-8D66-838F82BF6F79}.Release|x64.ActiveCfg = Release|x64
		{D4A03A00-5A37-432A-8D66-838F82BF6F79}.Release|x64.Build.0 = Release|x64
		{D4A03A00-5A37-432A-8D66-838F82BF6F79}.Release|x86.ActiveCfg = Release|Win32
		{D4A03A00-5A37-432A-8D66-838F82BF6F79}.Release|x86.Build.0 = Release|Win32
		{52FB9F0C-712E-45FE-B992-15AB93F8073B}.Debug|x64.ActiveCfg = Debug|x64
		{52FB9F0C-712E-45FE-B992-15AB93F8073B}.Debug|x64.Build.0 = Debug|x64
		{52FB9F0C-712E-45FE-B992-15AB93F8073B}.Debug|x86.ActiveCfg = Debug|Win32
		{52FB9F0C-712E-45FE-B992-15AB93F8073B}.Debug|x86.Build.0 = Debug|Win32
		{52FB9F0C-712E-45FE-B992-15AB93F8073B}.Release|x64.ActiveCfg = Release|x64
		{52FB9F0C-712E-45FE-B992-15AB93F8073B}.Release|x64.Build.0 = Release|x64
		{52FB9F0C-712E-45FE-B992-15AB93F8073B}.Release|x86.ActiveCfg = Release|Win32
		{52FB9F0C-712E-45FE-B992-15AB93F8073B}.Release|x86.Build.0 = Release|Win32
	EndGlobalSection
	GlobalSection(SolutionProperties) = preSolution
		HideSolutionNode = FALSE
	EndGlobalSection
	GlobalSection(ExtensibilityGlobals) = postSolution
		SolutionGuid = {F6848176-9E33-4A6A-95AC-AB5F27E2928F}
	EndGlobalSection
EndGlobal
